// !$*UTF8*$!
{
	archiveVersion = 1;
	classes = {
	};
	objectVersion = 56;
	objects = {

/* Begin PBXBuildFile section */
		FB45FC692C13285900A164E0 /* RatingView+ViewModel.swift in Sources */ = {isa = PBXBuildFile; fileRef = FB45FC682C13285900A164E0 /* RatingView+ViewModel.swift */; };
		FB53DCB72C125673007A512C /* CoffeeApp.swift in Sources */ = {isa = PBXBuildFile; fileRef = FB53DCB62C125673007A512C /* CoffeeApp.swift */; };
		FB53DCB92C125673007A512C /* HomeView.swift in Sources */ = {isa = PBXBuildFile; fileRef = FB53DCB82C125673007A512C /* HomeView.swift */; };
		FB53DCBB2C125674007A512C /* Assets.xcassets in Resources */ = {isa = PBXBuildFile; fileRef = FB53DCBA2C125674007A512C /* Assets.xcassets */; };
		FB53DCBF2C125674007A512C /* Preview Assets.xcassets in Resources */ = {isa = PBXBuildFile; fileRef = FB53DCBE2C125674007A512C /* Preview Assets.xcassets */; };
		FB53DCC62C1258F5007A512C /* HomeView+ViewModel.swift in Sources */ = {isa = PBXBuildFile; fileRef = FB53DCC52C1258F5007A512C /* HomeView+ViewModel.swift */; };
		FB53DCC82C12593A007A512C /* Coffee.swift in Sources */ = {isa = PBXBuildFile; fileRef = FB53DCC72C12593A007A512C /* Coffee.swift */; };
		FB53DCCC2C1259AC007A512C /* Network.swift in Sources */ = {isa = PBXBuildFile; fileRef = FB53DCCB2C1259AC007A512C /* Network.swift */; };
		FB53DCCE2C126287007A512C /* DetailView.swift in Sources */ = {isa = PBXBuildFile; fileRef = FB53DCCD2C126287007A512C /* DetailView.swift */; };
		FB53DD0F2C1265B4007A512C /* CoffeeAppTests.swift in Sources */ = {isa = PBXBuildFile; fileRef = FB53DD0E2C1265B4007A512C /* CoffeeAppTests.swift */; };
		FB53DD172C126ADC007A512C /* LoadingView.swift in Sources */ = {isa = PBXBuildFile; fileRef = FB53DD162C126ADC007A512C /* LoadingView.swift */; };
		FB53DD192C126B03007A512C /* ErrorView.swift in Sources */ = {isa = PBXBuildFile; fileRef = FB53DD182C126B03007A512C /* ErrorView.swift */; };
		FB732A642C12797800A693B7 /* RatingView.swift in Sources */ = {isa = PBXBuildFile; fileRef = FB732A632C12797800A693B7 /* RatingView.swift */; };
/* End PBXBuildFile section */

/* Begin PBXContainerItemProxy section */
		FB53DD102C1265B4007A512C /* PBXContainerItemProxy */ = {
			isa = PBXContainerItemProxy;
			containerPortal = FB53DCAB2C125673007A512C /* Project object */;
			proxyType = 1;
			remoteGlobalIDString = FB53DCB22C125673007A512C;
			remoteInfo = CoffeeApp;
		};
/* End PBXContainerItemProxy section */

/* Begin PBXFileReference section */
		FB45FC682C13285900A164E0 /* RatingView+ViewModel.swift */ = {isa = PBXFileReference; lastKnownFileType = sourcecode.swift; path = "RatingView+ViewModel.swift"; sourceTree = "<group>"; };
		FB53DCB32C125673007A512C /* CoffeeApp.app */ = {isa = PBXFileReference; explicitFileType = wrapper.application; includeInIndex = 0; path = CoffeeApp.app; sourceTree = BUILT_PRODUCTS_DIR; };
		FB53DCB62C125673007A512C /* CoffeeApp.swift */ = {isa = PBXFileReference; lastKnownFileType = sourcecode.swift; path = CoffeeApp.swift; sourceTree = "<group>"; };
		FB53DCB82C125673007A512C /* HomeView.swift */ = {isa = PBXFileReference; lastKnownFileType = sourcecode.swift; path = HomeView.swift; sourceTree = "<group>"; };
		FB53DCBA2C125674007A512C /* Assets.xcassets */ = {isa = PBXFileReference; lastKnownFileType = folder.assetcatalog; path = Assets.xcassets; sourceTree = "<group>"; };
		FB53DCBC2C125674007A512C /* CoffeeApp.entitlements */ = {isa = PBXFileReference; lastKnownFileType = text.plist.entitlements; path = CoffeeApp.entitlements; sourceTree = "<group>"; };
		FB53DCBE2C125674007A512C /* Preview Assets.xcassets */ = {isa = PBXFileReference; lastKnownFileType = folder.assetcatalog; path = "Preview Assets.xcassets"; sourceTree = "<group>"; };
		FB53DCC52C1258F5007A512C /* HomeView+ViewModel.swift */ = {isa = PBXFileReference; lastKnownFileType = sourcecode.swift; path = "HomeView+ViewModel.swift"; sourceTree = "<group>"; };
		FB53DCC72C12593A007A512C /* Coffee.swift */ = {isa = PBXFileReference; lastKnownFileType = sourcecode.swift; path = Coffee.swift; sourceTree = "<group>"; };
		FB53DCCB2C1259AC007A512C /* Network.swift */ = {isa = PBXFileReference; lastKnownFileType = sourcecode.swift; path = Network.swift; sourceTree = "<group>"; };
		FB53DCCD2C126287007A512C /* DetailView.swift */ = {isa = PBXFileReference; lastKnownFileType = sourcecode.swift; path = DetailView.swift; sourceTree = "<group>"; };
		FB53DD0C2C1265B4007A512C /* CoffeeAppTests.xctest */ = {isa = PBXFileReference; explicitFileType = wrapper.cfbundle; includeInIndex = 0; path = CoffeeAppTests.xctest; sourceTree = BUILT_PRODUCTS_DIR; };
		FB53DD0E2C1265B4007A512C /* CoffeeAppTests.swift */ = {isa = PBXFileReference; lastKnownFileType = sourcecode.swift; path = CoffeeAppTests.swift; sourceTree = "<group>"; };
		FB53DD162C126ADC007A512C /* LoadingView.swift */ = {isa = PBXFileReference; lastKnownFileType = sourcecode.swift; path = LoadingView.swift; sourceTree = "<group>"; };
		FB53DD182C126B03007A512C /* ErrorView.swift */ = {isa = PBXFileReference; lastKnownFileType = sourcecode.swift; path = ErrorView.swift; sourceTree = "<group>"; };
		FB732A632C12797800A693B7 /* RatingView.swift */ = {isa = PBXFileReference; lastKnownFileType = sourcecode.swift; path = RatingView.swift; sourceTree = "<group>"; };
/* End PBXFileReference section */

/* Begin PBXFrameworksBuildPhase section */
		FB53DCB02C125673007A512C /* Frameworks */ = {
			isa = PBXFrameworksBuildPhase;
			buildActionMask = 2147483647;
			files = (
			);
			runOnlyForDeploymentPostprocessing = 0;
		};
		FB53DD092C1265B4007A512C /* Frameworks */ = {
			isa = PBXFrameworksBuildPhase;
			buildActionMask = 2147483647;
			files = (
			);
			runOnlyForDeploymentPostprocessing = 0;
		};
/* End PBXFrameworksBuildPhase section */

/* Begin PBXGroup section */
		FB45FC662C13281F00A164E0 /* HomeView */ = {
			isa = PBXGroup;
			children = (
				FB53DCB82C125673007A512C /* HomeView.swift */,
				FB53DCC52C1258F5007A512C /* HomeView+ViewModel.swift */,
			);
			path = HomeView;
			sourceTree = "<group>";
		};
		FB45FC672C13282C00A164E0 /* RatingView */ = {
			isa = PBXGroup;
			children = (
				FB732A632C12797800A693B7 /* RatingView.swift */,
				FB45FC682C13285900A164E0 /* RatingView+ViewModel.swift */,
			);
			path = RatingView;
			sourceTree = "<group>";
		};
		FB53DCAA2C125673007A512C = {
			isa = PBXGroup;
			children = (
				FB53DCB52C125673007A512C /* CoffeeApp */,
				FB53DD0D2C1265B4007A512C /* CoffeeAppTests */,
				FB53DCB42C125673007A512C /* Products */,
			);
			sourceTree = "<group>";
		};
		FB53DCB42C125673007A512C /* Products */ = {
			isa = PBXGroup;
			children = (
				FB53DCB32C125673007A512C /* CoffeeApp.app */,
				FB53DD0C2C1265B4007A512C /* CoffeeAppTests.xctest */,
			);
			name = Products;
			sourceTree = "<group>";
		};
		FB53DCB52C125673007A512C /* CoffeeApp */ = {
			isa = PBXGroup;
			children = (
				FB732A612C1275CC00A693B7 /* Services */,
				FB732A602C1275B800A693B7 /* Views */,
				FB53DD152C126AAC007A512C /* UI */,
				FB53DCB62C125673007A512C /* CoffeeApp.swift */,
				FB53DCBA2C125674007A512C /* Assets.xcassets */,
				FB53DCBC2C125674007A512C /* CoffeeApp.entitlements */,
				FB53DCBD2C125674007A512C /* Preview Content */,
			);
			path = CoffeeApp;
			sourceTree = "<group>";
		};
		FB53DCBD2C125674007A512C /* Preview Content */ = {
			isa = PBXGroup;
			children = (
				FB53DCBE2C125674007A512C /* Preview Assets.xcassets */,
			);
			path = "Preview Content";
			sourceTree = "<group>";
		};
		FB53DD0D2C1265B4007A512C /* CoffeeAppTests */ = {
			isa = PBXGroup;
			children = (
				FB53DD0E2C1265B4007A512C /* CoffeeAppTests.swift */,
			);
			path = CoffeeAppTests;
			sourceTree = "<group>";
		};
		FB53DD152C126AAC007A512C /* UI */ = {
			isa = PBXGroup;
			children = (
				FB53DD162C126ADC007A512C /* LoadingView.swift */,
				FB53DD182C126B03007A512C /* ErrorView.swift */,
			);
			path = UI;
			sourceTree = "<group>";
		};
		FB732A602C1275B800A693B7 /* Views */ = {
			isa = PBXGroup;
			children = (
				FB45FC662C13281F00A164E0 /* HomeView */,
				FB53DCCD2C126287007A512C /* DetailView.swift */,
				FB45FC672C13282C00A164E0 /* RatingView */,
			);
			path = Views;
			sourceTree = "<group>";
		};
		FB732A612C1275CC00A693B7 /* Services */ = {
			isa = PBXGroup;
			children = (
				FB732A622C1275DE00A693B7 /* Data */,
				FB53DCCB2C1259AC007A512C /* Network.swift */,
			);
			path = Services;
			sourceTree = "<group>";
		};
		FB732A622C1275DE00A693B7 /* Data */ = {
			isa = PBXGroup;
			children = (
				FB53DCC72C12593A007A512C /* Coffee.swift */,
			);
			path = Data;
			sourceTree = "<group>";
		};
/* End PBXGroup section */

/* Begin PBXNativeTarget section */
		FB53DCB22C125673007A512C /* CoffeeApp */ = {
			isa = PBXNativeTarget;
			buildConfigurationList = FB53DCC22C125674007A512C /* Build configuration list for PBXNativeTarget "CoffeeApp" */;
			buildPhases = (
				FB53DCAF2C125673007A512C /* Sources */,
				FB53DCB02C125673007A512C /* Frameworks */,
				FB53DCB12C125673007A512C /* Resources */,
			);
			buildRules = (
			);
			dependencies = (
			);
			name = CoffeeApp;
			productName = CoffeeApp;
			productReference = FB53DCB32C125673007A512C /* CoffeeApp.app */;
			productType = "com.apple.product-type.application";
		};
		FB53DD0B2C1265B4007A512C /* CoffeeAppTests */ = {
			isa = PBXNativeTarget;
			buildConfigurationList = FB53DD122C1265B4007A512C /* Build configuration list for PBXNativeTarget "CoffeeAppTests" */;
			buildPhases = (
				FB53DD082C1265B4007A512C /* Sources */,
				FB53DD092C1265B4007A512C /* Frameworks */,
				FB53DD0A2C1265B4007A512C /* Resources */,
			);
			buildRules = (
			);
			dependencies = (
				FB53DD112C1265B4007A512C /* PBXTargetDependency */,
			);
			name = CoffeeAppTests;
			productName = CoffeeAppTests;
			productReference = FB53DD0C2C1265B4007A512C /* CoffeeAppTests.xctest */;
			productType = "com.apple.product-type.bundle.unit-test";
		};
/* End PBXNativeTarget section */

/* Begin PBXProject section */
		FB53DCAB2C125673007A512C /* Project object */ = {
			isa = PBXProject;
			attributes = {
				BuildIndependentTargetsInParallel = 1;
				LastSwiftUpdateCheck = 1540;
				LastUpgradeCheck = 1540;
				TargetAttributes = {
					FB53DCB22C125673007A512C = {
						CreatedOnToolsVersion = 15.4;
					};
					FB53DD0B2C1265B4007A512C = {
						CreatedOnToolsVersion = 15.4;
						TestTargetID = FB53DCB22C125673007A512C;
					};
				};
			};
			buildConfigurationList = FB53DCAE2C125673007A512C /* Build configuration list for PBXProject "CoffeeApp" */;
			compatibilityVersion = "Xcode 14.0";
			developmentRegion = en;
			hasScannedForEncodings = 0;
			knownRegions = (
				en,
				Base,
			);
			mainGroup = FB53DCAA2C125673007A512C;
			productRefGroup = FB53DCB42C125673007A512C /* Products */;
			projectDirPath = "";
			projectRoot = "";
			targets = (
				FB53DCB22C125673007A512C /* CoffeeApp */,
				FB53DD0B2C1265B4007A512C /* CoffeeAppTests */,
			);
		};
/* End PBXProject section */

/* Begin PBXResourcesBuildPhase section */
		FB53DCB12C125673007A512C /* Resources */ = {
			isa = PBXResourcesBuildPhase;
			buildActionMask = 2147483647;
			files = (
				FB53DCBF2C125674007A512C /* Preview Assets.xcassets in Resources */,
				FB53DCBB2C125674007A512C /* Assets.xcassets in Resources */,
			);
			runOnlyForDeploymentPostprocessing = 0;
		};
		FB53DD0A2C1265B4007A512C /* Resources */ = {
			isa = PBXResourcesBuildPhase;
			buildActionMask = 2147483647;
			files = (
			);
			runOnlyForDeploymentPostprocessing = 0;
		};
/* End PBXResourcesBuildPhase section */

/* Begin PBXSourcesBuildPhase section */
		FB53DCAF2C125673007A512C /* Sources */ = {
			isa = PBXSourcesBuildPhase;
			buildActionMask = 2147483647;
			files = (
				FB53DCCC2C1259AC007A512C /* Network.swift in Sources */,
				FB53DCCE2C126287007A512C /* DetailView.swift in Sources */,
				FB53DCB92C125673007A512C /* HomeView.swift in Sources */,
				FB732A642C12797800A693B7 /* RatingView.swift in Sources */,
				FB45FC692C13285900A164E0 /* RatingView+ViewModel.swift in Sources */,
				FB53DCC62C1258F5007A512C /* HomeView+ViewModel.swift in Sources */,
				FB53DCB72C125673007A512C /* CoffeeApp.swift in Sources */,
				FB53DD172C126ADC007A512C /* LoadingView.swift in Sources */,
				FB53DCC82C12593A007A512C /* Coffee.swift in Sources */,
				FB53DD192C126B03007A512C /* ErrorView.swift in Sources */,
			);
			runOnlyForDeploymentPostprocessing = 0;
		};
		FB53DD082C1265B4007A512C /* Sources */ = {
			isa = PBXSourcesBuildPhase;
			buildActionMask = 2147483647;
			files = (
				FB53DD0F2C1265B4007A512C /* CoffeeAppTests.swift in Sources */,
			);
			runOnlyForDeploymentPostprocessing = 0;
		};
/* End PBXSourcesBuildPhase section */

/* Begin PBXTargetDependency section */
		FB53DD112C1265B4007A512C /* PBXTargetDependency */ = {
			isa = PBXTargetDependency;
			target = FB53DCB22C125673007A512C /* CoffeeApp */;
			targetProxy = FB53DD102C1265B4007A512C /* PBXContainerItemProxy */;
		};
/* End PBXTargetDependency section */

/* Begin XCBuildConfiguration section */
		FB53DCC02C125674007A512C /* Debug */ = {
			isa = XCBuildConfiguration;
			buildSettings = {
				ALWAYS_SEARCH_USER_PATHS = NO;
				ASSETCATALOG_COMPILER_GENERATE_SWIFT_ASSET_SYMBOL_EXTENSIONS = YES;
				CLANG_ANALYZER_NONNULL = YES;
				CLANG_ANALYZER_NUMBER_OBJECT_CONVERSION = YES_AGGRESSIVE;
				CLANG_CXX_LANGUAGE_STANDARD = "gnu++20";
				CLANG_ENABLE_MODULES = YES;
				CLANG_ENABLE_OBJC_ARC = YES;
				CLANG_ENABLE_OBJC_WEAK = YES;
				CLANG_WARN_BLOCK_CAPTURE_AUTORELEASING = YES;
				CLANG_WARN_BOOL_CONVERSION = YES;
				CLANG_WARN_COMMA = YES;
				CLANG_WARN_CONSTANT_CONVERSION = YES;
				CLANG_WARN_DEPRECATED_OBJC_IMPLEMENTATIONS = YES;
				CLANG_WARN_DIRECT_OBJC_ISA_USAGE = YES_ERROR;
				CLANG_WARN_DOCUMENTATION_COMMENTS = YES;
				CLANG_WARN_EMPTY_BODY = YES;
				CLANG_WARN_ENUM_CONVERSION = YES;
				CLANG_WARN_INFINITE_RECURSION = YES;
				CLANG_WARN_INT_CONVERSION = YES;
				CLANG_WARN_NON_LITERAL_NULL_CONVERSION = YES;
				CLANG_WARN_OBJC_IMPLICIT_RETAIN_SELF = YES;
				CLANG_WARN_OBJC_LITERAL_CONVERSION = YES;
				CLANG_WARN_OBJC_ROOT_CLASS = YES_ERROR;
				CLANG_WARN_QUOTED_INCLUDE_IN_FRAMEWORK_HEADER = YES;
				CLANG_WARN_RANGE_LOOP_ANALYSIS = YES;
				CLANG_WARN_STRICT_PROTOTYPES = YES;
				CLANG_WARN_SUSPICIOUS_MOVE = YES;
				CLANG_WARN_UNGUARDED_AVAILABILITY = YES_AGGRESSIVE;
				CLANG_WARN_UNREACHABLE_CODE = YES;
				CLANG_WARN__DUPLICATE_METHOD_MATCH = YES;
				COPY_PHASE_STRIP = NO;
				DEBUG_INFORMATION_FORMAT = dwarf;
				ENABLE_STRICT_OBJC_MSGSEND = YES;
				ENABLE_TESTABILITY = YES;
				ENABLE_USER_SCRIPT_SANDBOXING = YES;
				GCC_C_LANGUAGE_STANDARD = gnu17;
				GCC_DYNAMIC_NO_PIC = NO;
				GCC_NO_COMMON_BLOCKS = YES;
				GCC_OPTIMIZATION_LEVEL = 0;
				GCC_PREPROCESSOR_DEFINITIONS = (
					"DEBUG=1",
					"$(inherited)",
				);
				GCC_WARN_64_TO_32_BIT_CONVERSION = YES;
				GCC_WARN_ABOUT_RETURN_TYPE = YES_ERROR;
				GCC_WARN_UNDECLARED_SELECTOR = YES;
				GCC_WARN_UNINITIALIZED_AUTOS = YES_AGGRESSIVE;
				GCC_WARN_UNUSED_FUNCTION = YES;
				GCC_WARN_UNUSED_VARIABLE = YES;
				LOCALIZATION_PREFERS_STRING_CATALOGS = YES;
				MTL_ENABLE_DEBUG_INFO = INCLUDE_SOURCE;
				MTL_FAST_MATH = YES;
				ONLY_ACTIVE_ARCH = YES;
				SWIFT_ACTIVE_COMPILATION_CONDITIONS = "DEBUG $(inherited)";
				SWIFT_OPTIMIZATION_LEVEL = "-Onone";
			};
			name = Debug;
		};
		FB53DCC12C125674007A512C /* Release */ = {
			isa = XCBuildConfiguration;
			buildSettings = {
				ALWAYS_SEARCH_USER_PATHS = NO;
				ASSETCATALOG_COMPILER_GENERATE_SWIFT_ASSET_SYMBOL_EXTENSIONS = YES;
				CLANG_ANALYZER_NONNULL = YES;
				CLANG_ANALYZER_NUMBER_OBJECT_CONVERSION = YES_AGGRESSIVE;
				CLANG_CXX_LANGUAGE_STANDARD = "gnu++20";
				CLANG_ENABLE_MODULES = YES;
				CLANG_ENABLE_OBJC_ARC = YES;
				CLANG_ENABLE_OBJC_WEAK = YES;
				CLANG_WARN_BLOCK_CAPTURE_AUTORELEASING = YES;
				CLANG_WARN_BOOL_CONVERSION = YES;
				CLANG_WARN_COMMA = YES;
				CLANG_WARN_CONSTANT_CONVERSION = YES;
				CLANG_WARN_DEPRECATED_OBJC_IMPLEMENTATIONS = YES;
				CLANG_WARN_DIRECT_OBJC_ISA_USAGE = YES_ERROR;
				CLANG_WARN_DOCUMENTATION_COMMENTS = YES;
				CLANG_WARN_EMPTY_BODY = YES;
				CLANG_WARN_ENUM_CONVERSION = YES;
				CLANG_WARN_INFINITE_RECURSION = YES;
				CLANG_WARN_INT_CONVERSION = YES;
				CLANG_WARN_NON_LITERAL_NULL_CONVERSION = YES;
				CLANG_WARN_OBJC_IMPLICIT_RETAIN_SELF = YES;
				CLANG_WARN_OBJC_LITERAL_CONVERSION = YES;
				CLANG_WARN_OBJC_ROOT_CLASS = YES_ERROR;
				CLANG_WARN_QUOTED_INCLUDE_IN_FRAMEWORK_HEADER = YES;
				CLANG_WARN_RANGE_LOOP_ANALYSIS = YES;
				CLANG_WARN_STRICT_PROTOTYPES = YES;
				CLANG_WARN_SUSPICIOUS_MOVE = YES;
				CLANG_WARN_UNGUARDED_AVAILABILITY = YES_AGGRESSIVE;
				CLANG_WARN_UNREACHABLE_CODE = YES;
				CLANG_WARN__DUPLICATE_METHOD_MATCH = YES;
				COPY_PHASE_STRIP = NO;
				DEBUG_INFORMATION_FORMAT = "dwarf-with-dsym";
				ENABLE_NS_ASSERTIONS = NO;
				ENABLE_STRICT_OBJC_MSGSEND = YES;
				ENABLE_USER_SCRIPT_SANDBOXING = YES;
				GCC_C_LANGUAGE_STANDARD = gnu17;
				GCC_NO_COMMON_BLOCKS = YES;
				GCC_WARN_64_TO_32_BIT_CONVERSION = YES;
				GCC_WARN_ABOUT_RETURN_TYPE = YES_ERROR;
				GCC_WARN_UNDECLARED_SELECTOR = YES;
				GCC_WARN_UNINITIALIZED_AUTOS = YES_AGGRESSIVE;
				GCC_WARN_UNUSED_FUNCTION = YES;
				GCC_WARN_UNUSED_VARIABLE = YES;
				LOCALIZATION_PREFERS_STRING_CATALOGS = YES;
				MTL_ENABLE_DEBUG_INFO = NO;
				MTL_FAST_MATH = YES;
				SWIFT_COMPILATION_MODE = wholemodule;
			};
			name = Release;
		};
		FB53DCC32C125674007A512C /* Debug */ = {
			isa = XCBuildConfiguration;
			buildSettings = {
				ASSETCATALOG_COMPILER_APPICON_NAME = AppIcon;
				ASSETCATALOG_COMPILER_GLOBAL_ACCENT_COLOR_NAME = AccentColor;
				CODE_SIGN_ENTITLEMENTS = CoffeeApp/CoffeeApp.entitlements;
				CODE_SIGN_STYLE = Automatic;
				CURRENT_PROJECT_VERSION = 1;
				DEVELOPMENT_ASSET_PATHS = "\"CoffeeApp/Preview Content\"";
				DEVELOPMENT_TEAM = 3JHS543S6Y;
				ENABLE_HARDENED_RUNTIME = YES;
				ENABLE_PREVIEWS = YES;
				GENERATE_INFOPLIST_FILE = YES;
				"INFOPLIST_KEY_UIApplicationSceneManifest_Generation[sdk=iphoneos*]" = YES;
				"INFOPLIST_KEY_UIApplicationSceneManifest_Generation[sdk=iphonesimulator*]" = YES;
				"INFOPLIST_KEY_UIApplicationSupportsIndirectInputEvents[sdk=iphoneos*]" = YES;
				"INFOPLIST_KEY_UIApplicationSupportsIndirectInputEvents[sdk=iphonesimulator*]" = YES;
				"INFOPLIST_KEY_UILaunchScreen_Generation[sdk=iphoneos*]" = YES;
				"INFOPLIST_KEY_UILaunchScreen_Generation[sdk=iphonesimulator*]" = YES;
				"INFOPLIST_KEY_UIStatusBarStyle[sdk=iphoneos*]" = UIStatusBarStyleDefault;
				"INFOPLIST_KEY_UIStatusBarStyle[sdk=iphonesimulator*]" = UIStatusBarStyleDefault;
				INFOPLIST_KEY_UISupportedInterfaceOrientations_iPad = "UIInterfaceOrientationPortrait UIInterfaceOrientationPortraitUpsideDown UIInterfaceOrientationLandscapeLeft UIInterfaceOrientationLandscapeRight";
				INFOPLIST_KEY_UISupportedInterfaceOrientations_iPhone = "UIInterfaceOrientationPortrait UIInterfaceOrientationLandscapeLeft UIInterfaceOrientationLandscapeRight";
				IPHONEOS_DEPLOYMENT_TARGET = 17.5;
				LD_RUNPATH_SEARCH_PATHS = "@executable_path/Frameworks";
				"LD_RUNPATH_SEARCH_PATHS[sdk=macosx*]" = "@executable_path/../Frameworks";
				MACOSX_DEPLOYMENT_TARGET = 14.5;
				MARKETING_VERSION = 1.0;
				PRODUCT_BUNDLE_IDENTIFIER = Sunjay.CoffeeApp;
				PRODUCT_NAME = "$(TARGET_NAME)";
				SDKROOT = auto;
				SUPPORTED_PLATFORMS = "iphoneos iphonesimulator macosx";
				SWIFT_EMIT_LOC_STRINGS = YES;
				SWIFT_VERSION = 5.0;
				TARGETED_DEVICE_FAMILY = "1,2";
			};
			name = Debug;
		};
		FB53DCC42C125674007A512C /* Release */ = {
			isa = XCBuildConfiguration;
			buildSettings = {
				ASSETCATALOG_COMPILER_APPICON_NAME = AppIcon;
				ASSETCATALOG_COMPILER_GLOBAL_ACCENT_COLOR_NAME = AccentColor;
				CODE_SIGN_ENTITLEMENTS = CoffeeApp/CoffeeApp.entitlements;
				CODE_SIGN_STYLE = Automatic;
				CURRENT_PROJECT_VERSION = 1;
				DEVELOPMENT_ASSET_PATHS = "\"CoffeeApp/Preview Content\"";
				DEVELOPMENT_TEAM = 3JHS543S6Y;
				ENABLE_HARDENED_RUNTIME = YES;
				ENABLE_PREVIEWS = YES;
				GENERATE_INFOPLIST_FILE = YES;
				"INFOPLIST_KEY_UIApplicationSceneManifest_Generation[sdk=iphoneos*]" = YES;
				"INFOPLIST_KEY_UIApplicationSceneManifest_Generation[sdk=iphonesimulator*]" = YES;
				"INFOPLIST_KEY_UIApplicationSupportsIndirectInputEvents[sdk=iphoneos*]" = YES;
				"INFOPLIST_KEY_UIApplicationSupportsIndirectInputEvents[sdk=iphonesimulator*]" = YES;
				"INFOPLIST_KEY_UILaunchScreen_Generation[sdk=iphoneos*]" = YES;
				"INFOPLIST_KEY_UILaunchScreen_Generation[sdk=iphonesimulator*]" = YES;
				"INFOPLIST_KEY_UIStatusBarStyle[sdk=iphoneos*]" = UIStatusBarStyleDefault;
				"INFOPLIST_KEY_UIStatusBarStyle[sdk=iphonesimulator*]" = UIStatusBarStyleDefault;
				INFOPLIST_KEY_UISupportedInterfaceOrientations_iPad = "UIInterfaceOrientationPortrait UIInterfaceOrientationPortraitUpsideDown UIInterfaceOrientationLandscapeLeft UIInterfaceOrientationLandscapeRight";
				INFOPLIST_KEY_UISupportedInterfaceOrientations_iPhone = "UIInterfaceOrientationPortrait UIInterfaceOrientationLandscapeLeft UIInterfaceOrientationLandscapeRight";
				IPHONEOS_DEPLOYMENT_TARGET = 17.5;
				LD_RUNPATH_SEARCH_PATHS = "@executable_path/Frameworks";
				"LD_RUNPATH_SEARCH_PATHS[sdk=macosx*]" = "@executable_path/../Frameworks";
				MACOSX_DEPLOYMENT_TARGET = 14.5;
				MARKETING_VERSION = 1.0;
				PRODUCT_BUNDLE_IDENTIFIER = Sunjay.CoffeeApp;
				PRODUCT_NAME = "$(TARGET_NAME)";
				SDKROOT = auto;
				SUPPORTED_PLATFORMS = "iphoneos iphonesimulator macosx";
				SWIFT_EMIT_LOC_STRINGS = YES;
				SWIFT_VERSION = 5.0;
				TARGETED_DEVICE_FAMILY = "1,2";
			};
			name = Release;
		};
		FB53DD132C1265B4007A512C /* Debug */ = {
			isa = XCBuildConfiguration;
			buildSettings = {
				BUNDLE_LOADER = "$(TEST_HOST)";
				CODE_SIGN_STYLE = Automatic;
				CURRENT_PROJECT_VERSION = 1;
				DEVELOPMENT_TEAM = 3JHS543S6Y;
				GENERATE_INFOPLIST_FILE = YES;
				IPHONEOS_DEPLOYMENT_TARGET = 17.5;
				MARKETING_VERSION = 1.0;
				PRODUCT_BUNDLE_IDENTIFIER = Sunjay.CoffeeAppTests;
				PRODUCT_NAME = "$(TARGET_NAME)";
				SDKROOT = iphoneos;
				SWIFT_EMIT_LOC_STRINGS = NO;
				SWIFT_VERSION = 5.0;
				TARGETED_DEVICE_FAMILY = "1,2";
				TEST_HOST = "$(BUILT_PRODUCTS_DIR)/CoffeeApp.app/$(BUNDLE_EXECUTABLE_FOLDER_PATH)/CoffeeApp";
			};
			name = Debug;
		};
		FB53DD142C1265B4007A512C /* Release */ = {
			isa = XCBuildConfiguration;
			buildSettings = {
				BUNDLE_LOADER = "$(TEST_HOST)";
				CODE_SIGN_STYLE = Automatic;
				CURRENT_PROJECT_VERSION = 1;
				DEVELOPMENT_TEAM = 3JHS543S6Y;
				GENERATE_INFOPLIST_FILE = YES;
				IPHONEOS_DEPLOYMENT_TARGET = 17.5;
				MARKETING_VERSION = 1.0;
				PRODUCT_BUNDLE_IDENTIFIER = Sunjay.CoffeeAppTests;
				PRODUCT_NAME = "$(TARGET_NAME)";
				SDKROOT = iphoneos;
				SWIFT_EMIT_LOC_STRINGS = NO;
				SWIFT_VERSION = 5.0;
				TARGETED_DEVICE_FAMILY = "1,2";
				TEST_HOST = "$(BUILT_PRODUCTS_DIR)/CoffeeApp.app/$(BUNDLE_EXECUTABLE_FOLDER_PATH)/CoffeeApp";
				VALIDATE_PRODUCT = YES;
			};
			name = Release;
		};
/* End XCBuildConfiguration section */

/* Begin XCConfigurationList section */
		FB53DCAE2C125673007A512C /* Build configuration list for PBXProject "CoffeeApp" */ = {
			isa = XCConfigurationList;
			buildConfigurations = (
				FB53DCC02C125674007A512C /* Debug */,
				FB53DCC12C125674007A512C /* Release */,
			);
			defaultConfigurationIsVisible = 0;
			defaultConfigurationName = Release;
		};
		FB53DCC22C125674007A512C /* Build configuration list for PBXNativeTarget "CoffeeApp" */ = {
			isa = XCConfigurationList;
			buildConfigurations = (
				FB53DCC32C125674007A512C /* Debug */,
				FB53DCC42C125674007A512C /* Release */,
			);
			defaultConfigurationIsVisible = 0;
			defaultConfigurationName = Release;
		};
		FB53DD122C1265B4007A512C /* Build configuration list for PBXNativeTarget "CoffeeAppTests" */ = {
			isa = XCConfigurationList;
			buildConfigurations = (
				FB53DD132C1265B4007A512C /* Debug */,
				FB53DD142C1265B4007A512C /* Release */,
			);
			defaultConfigurationIsVisible = 0;
			defaultConfigurationName = Release;
		};
/* End XCConfigurationList section */
	};
	rootObject = FB53DCAB2C125673007A512C /* Project object */;
}
